Microsoft Visual Studio Solution File, Format Version 12.00
# Visual Studio Version 17
VisualStudioVersion = 17.5.2.0
MinimumVisualStudioVersion = 10.0.40219.1
Project("{FAE04EC0-301F-11D3-BF4B-00C04F79EFBC}") = "NetflixClone", "NetflixClone.csproj", "{D022245D-6D79-8955-BBB8-E61D732A466C}"
EndProject
Global
	GlobalSection(SolutionConfigurationPlatforms) = preSolution
		Debug|Any CPU = Debug|Any CPU
		Release|Any CPU = Release|Any CPU
	EndGlobalSection
	GlobalSection(ProjectConfigurationPlatforms) = postSolution
		{D022245D-6D79-8955-BBB8-E61D732A466C}.Debug|Any CPU.ActiveCfg = Debug|Any CPU
		{D022245D-6D79-8955-BBB8-E61D732A466C}.Debug|Any CPU.Build.0 = Debug|Any CPU
		{D022245D-6D79-8955-BBB8-E61D732A466C}.Release|Any CPU.ActiveCfg = Release|Any CPU
		{D022245D-6D79-8955-BBB8-E61D732A466C}.Release|Any CPU.Build.0 = Release|Any CPU
	EndGlobalSection
	GlobalSection(SolutionProperties) = preSolution
		HideSolutionNode = FALSE
	EndGlobalSection
	GlobalSection(ExtensibilityGlobals) = postSolution
		SolutionGuid = {F20AE3DB-32E8-44C7-B4C6-859BF3EA7459}
	EndGlobalSection
EndGlobal
